// !$*UTF8*$!
{
	archiveVersion = 1;
	classes = {
	};
	objectVersion = 56;
	objects = {

/* Begin PBXBuildFile section */
		1B35373A29A759D500B3C3FC /* sinc_resampler_neon.cc in Sources */ = {isa = PBXBuildFile; fileRef = 1B35372F29A759D500B3C3FC /* sinc_resampler_neon.cc */; };
		1B35373B29A759D500B3C3FC /* push_sinc_resampler.cc in Sources */ = {isa = PBXBuildFile; fileRef = 1B35373029A759D500B3C3FC /* push_sinc_resampler.cc */; };
		1B35373C29A759D500B3C3FC /* sinc_resampler_sse.cc in Sources */ = {isa = PBXBuildFile; fileRef = 1B35373229A759D500B3C3FC /* sinc_resampler_sse.cc */; };
		1B35373D29A759D500B3C3FC /* push_resampler.cc in Sources */ = {isa = PBXBuildFile; fileRef = 1B35373629A759D500B3C3FC /* push_resampler.cc */; };
		1B35373E29A759D500B3C3FC /* sinc_resampler.cc in Sources */ = {isa = PBXBuildFile; fileRef = 1B35373829A759D500B3C3FC /* sinc_resampler.cc */; };
		1B35374229A75BA000B3C3FC /* aligned_malloc.cc in Sources */ = {isa = PBXBuildFile; fileRef = 1B35374029A75BA000B3C3FC /* aligned_malloc.cc */; };
		1B35374529A75F3000B3C3FC /* audio_util.cc in Sources */ = {isa = PBXBuildFile; fileRef = 1B35374429A75F3000B3C3FC /* audio_util.cc */; };
		1B6F5E93299F6667005E8BC5 /* main.mm in Sources */ = {isa = PBXBuildFile; fileRef = 1B6F5E92299F6667005E8BC5 /* main.mm */; };
		1B6F5EA6299F66A6005E8BC5 /* string_view.cc in Sources */ = {isa = PBXBuildFile; fileRef = 1B6F5E9B299F66A6005E8BC5 /* string_view.cc */; };
		1B6F5EA7299F66A6005E8BC5 /* zero_memory.cc in Sources */ = {isa = PBXBuildFile; fileRef = 1B6F5E9F299F66A6005E8BC5 /* zero_memory.cc */; };
		1B6F5EA8299F66A7005E8BC5 /* byte_buffer.cc in Sources */ = {isa = PBXBuildFile; fileRef = 1B6F5EA5299F66A6005E8BC5 /* byte_buffer.cc */; };
		1B6F5EB0299F7228005E8BC5 /* bit_buffer.cc in Sources */ = {isa = PBXBuildFile; fileRef = 1B6F5EAE299F7228005E8BC5 /* bit_buffer.cc */; };
		1B772BE929A5A257000C2D51 /* testStun.cc in Sources */ = {isa = PBXBuildFile; fileRef = 1B772BE829A5A257000C2D51 /* testStun.cc */; };
		1B772BEC29A5A44A000C2D51 /* socket_address.cc in Sources */ = {isa = PBXBuildFile; fileRef = 1B772BEA29A5A44A000C2D51 /* socket_address.cc */; };
		1B772BEF29A5A832000C2D51 /* stun.cc in Sources */ = {isa = PBXBuildFile; fileRef = 1B772BED29A5A832000C2D51 /* stun.cc */; };
		1B772C0029A5AD1B000C2D51 /* md5_one.c in Sources */ = {isa = PBXBuildFile; fileRef = 1B772BF829A5AD1B000C2D51 /* md5_one.c */; };
		1B772C0129A5AD1B000C2D51 /* md5_dgst.c in Sources */ = {isa = PBXBuildFile; fileRef = 1B772BF929A5AD1B000C2D51 /* md5_dgst.c */; };
		1B772C0329A5AD1B000C2D51 /* sha1.c in Sources */ = {isa = PBXBuildFile; fileRef = 1B772BFE29A5AD1B000C2D51 /* sha1.c */; };
		1B772C0729A5B56C000C2D51 /* hmac_sha1.c in Sources */ = {isa = PBXBuildFile; fileRef = 1B772C0529A5B525000C2D51 /* hmac_sha1.c */; };
		1BD18A0429A4A58D0017C00A /* string_utils.cc in Sources */ = {isa = PBXBuildFile; fileRef = 1BD189FC29A4A58D0017C00A /* string_utils.cc */; };
		1BD18A0529A4A58D0017C00A /* string_builder.cc in Sources */ = {isa = PBXBuildFile; fileRef = 1BD189FF29A4A58D0017C00A /* string_builder.cc */; };
		1BD18A0C29A4A6BC0017C00A /* string_to_number.cc in Sources */ = {isa = PBXBuildFile; fileRef = 1BD18A0929A4A6BC0017C00A /* string_to_number.cc */; };
		1BD18A0D29A4A6BC0017C00A /* string_encode.cc in Sources */ = {isa = PBXBuildFile; fileRef = 1BD18A0B29A4A6BC0017C00A /* string_encode.cc */; };
		1BD18A1529A4B89E0017C00A /* ip_address.cc in Sources */ = {isa = PBXBuildFile; fileRef = 1BD18A1329A4B89E0017C00A /* ip_address.cc */; };
		1BD6D06229A46B0300CA6F6E /* checks.cc in Sources */ = {isa = PBXBuildFile; fileRef = 1BD6D06129A46B0300CA6F6E /* checks.cc */; };
/* End PBXBuildFile section */

/* Begin PBXCopyFilesBuildPhase section */
		1B6F5E8D299F6667005E8BC5 /* CopyFiles */ = {
			isa = PBXCopyFilesBuildPhase;
			buildActionMask = 2147483647;
			dstPath = /usr/share/man/man1/;
			dstSubfolderSpec = 0;
			files = (
			);
			runOnlyForDeploymentPostprocessing = 1;
		};
/* End PBXCopyFilesBuildPhase section */

/* Begin PBXFileReference section */
		1B35372F29A759D500B3C3FC /* sinc_resampler_neon.cc */ = {isa = PBXFileReference; fileEncoding = 4; lastKnownFileType = sourcecode.cpp.cpp; path = sinc_resampler_neon.cc; sourceTree = "<group>"; };
		1B35373029A759D500B3C3FC /* push_sinc_resampler.cc */ = {isa = PBXFileReference; fileEncoding = 4; lastKnownFileType = sourcecode.cpp.cpp; path = push_sinc_resampler.cc; sourceTree = "<group>"; };
		1B35373129A759D500B3C3FC /* sinc_resampler.h */ = {isa = PBXFileReference; fileEncoding = 4; lastKnownFileType = sourcecode.c.h; path = sinc_resampler.h; sourceTree = "<group>"; };
		1B35373229A759D500B3C3FC /* sinc_resampler_sse.cc */ = {isa = PBXFileReference; fileEncoding = 4; lastKnownFileType = sourcecode.cpp.cpp; path = sinc_resampler_sse.cc; sourceTree = "<group>"; };
		1B35373429A759D500B3C3FC /* push_resampler.h */ = {isa = PBXFileReference; fileEncoding = 4; lastKnownFileType = sourcecode.c.h; path = push_resampler.h; sourceTree = "<group>"; };
		1B35373529A759D500B3C3FC /* push_sinc_resampler.h */ = {isa = PBXFileReference; fileEncoding = 4; lastKnownFileType = sourcecode.c.h; path = push_sinc_resampler.h; sourceTree = "<group>"; };
		1B35373629A759D500B3C3FC /* push_resampler.cc */ = {isa = PBXFileReference; fileEncoding = 4; lastKnownFileType = sourcecode.cpp.cpp; path = push_resampler.cc; sourceTree = "<group>"; };
		1B35373829A759D500B3C3FC /* sinc_resampler.cc */ = {isa = PBXFileReference; fileEncoding = 4; lastKnownFileType = sourcecode.cpp.cpp; path = sinc_resampler.cc; sourceTree = "<group>"; };
		1B35374029A75BA000B3C3FC /* aligned_malloc.cc */ = {isa = PBXFileReference; fileEncoding = 4; lastKnownFileType = sourcecode.cpp.cpp; path = aligned_malloc.cc; sourceTree = "<group>"; };
		1B35374129A75BA000B3C3FC /* aligned_malloc.h */ = {isa = PBXFileReference; fileEncoding = 4; lastKnownFileType = sourcecode.c.h; path = aligned_malloc.h; sourceTree = "<group>"; };
		1B35374329A75F3000B3C3FC /* audio_util.h */ = {isa = PBXFileReference; fileEncoding = 4; lastKnownFileType = sourcecode.c.h; path = audio_util.h; sourceTree = "<group>"; };
		1B35374429A75F3000B3C3FC /* audio_util.cc */ = {isa = PBXFileReference; fileEncoding = 4; lastKnownFileType = sourcecode.cpp.cpp; path = audio_util.cc; sourceTree = "<group>"; };
		1B6F5E8F299F6667005E8BC5 /* testBuffer */ = {isa = PBXFileReference; explicitFileType = "compiled.mach-o.executable"; includeInIndex = 0; path = testBuffer; sourceTree = BUILT_PRODUCTS_DIR; };
		1B6F5E92299F6667005E8BC5 /* main.mm */ = {isa = PBXFileReference; lastKnownFileType = sourcecode.cpp.objcpp; path = main.mm; sourceTree = "<group>"; };
		1B6F5E9B299F66A6005E8BC5 /* string_view.cc */ = {isa = PBXFileReference; fileEncoding = 4; lastKnownFileType = sourcecode.cpp.cpp; path = string_view.cc; sourceTree = "<group>"; };
		1B6F5E9C299F66A6005E8BC5 /* zero_memory.h */ = {isa = PBXFileReference; fileEncoding = 4; lastKnownFileType = sourcecode.c.h; path = zero_memory.h; sourceTree = "<group>"; };
		1B6F5E9D299F66A6005E8BC5 /* buffer.h */ = {isa = PBXFileReference; fileEncoding = 4; lastKnownFileType = sourcecode.c.h; path = buffer.h; sourceTree = "<group>"; };
		1B6F5E9E299F66A6005E8BC5 /* byte_order.h */ = {isa = PBXFileReference; fileEncoding = 4; lastKnownFileType = sourcecode.c.h; path = byte_order.h; sourceTree = "<group>"; };
		1B6F5E9F299F66A6005E8BC5 /* zero_memory.cc */ = {isa = PBXFileReference; fileEncoding = 4; lastKnownFileType = sourcecode.cpp.cpp; path = zero_memory.cc; sourceTree = "<group>"; };
		1B6F5EA0299F66A6005E8BC5 /* byte_buffer.h */ = {isa = PBXFileReference; fileEncoding = 4; lastKnownFileType = sourcecode.c.h; path = byte_buffer.h; sourceTree = "<group>"; };
		1B6F5EA1299F66A6005E8BC5 /* type_traits.h */ = {isa = PBXFileReference; fileEncoding = 4; lastKnownFileType = sourcecode.c.h; path = type_traits.h; sourceTree = "<group>"; };
		1B6F5EA2299F66A6005E8BC5 /* array_view.h */ = {isa = PBXFileReference; fileEncoding = 4; lastKnownFileType = sourcecode.c.h; path = array_view.h; sourceTree = "<group>"; };
		1B6F5EA3299F66A6005E8BC5 /* string_view.h */ = {isa = PBXFileReference; fileEncoding = 4; lastKnownFileType = sourcecode.c.h; path = string_view.h; sourceTree = "<group>"; };
		1B6F5EA4299F66A6005E8BC5 /* arch.h */ = {isa = PBXFileReference; fileEncoding = 4; lastKnownFileType = sourcecode.c.h; path = arch.h; sourceTree = "<group>"; };
		1B6F5EA5299F66A6005E8BC5 /* byte_buffer.cc */ = {isa = PBXFileReference; fileEncoding = 4; lastKnownFileType = sourcecode.cpp.cpp; path = byte_buffer.cc; sourceTree = "<group>"; };
		1B6F5EAD299F69FF005E8BC5 /* libstdc++.6.0.9.tbd */ = {isa = PBXFileReference; lastKnownFileType = "sourcecode.text-based-dylib-definition"; name = "libstdc++.6.0.9.tbd"; path = "usr/lib/libstdc++.6.0.9.tbd"; sourceTree = SDKROOT; };
		1B6F5EAE299F7228005E8BC5 /* bit_buffer.cc */ = {isa = PBXFileReference; fileEncoding = 4; lastKnownFileType = sourcecode.cpp.cpp; path = bit_buffer.cc; sourceTree = "<group>"; };
		1B6F5EAF299F7228005E8BC5 /* bit_buffer.h */ = {isa = PBXFileReference; fileEncoding = 4; lastKnownFileType = sourcecode.c.h; path = bit_buffer.h; sourceTree = "<group>"; };
		1B772BE729A5A257000C2D51 /* testStun.h */ = {isa = PBXFileReference; lastKnownFileType = sourcecode.c.h; path = testStun.h; sourceTree = "<group>"; };
		1B772BE829A5A257000C2D51 /* testStun.cc */ = {isa = PBXFileReference; lastKnownFileType = sourcecode.cpp.cpp; path = testStun.cc; sourceTree = "<group>"; };
		1B772BEA29A5A44A000C2D51 /* socket_address.cc */ = {isa = PBXFileReference; fileEncoding = 4; lastKnownFileType = sourcecode.cpp.cpp; path = socket_address.cc; sourceTree = "<group>"; };
		1B772BEB29A5A44A000C2D51 /* socket_address.h */ = {isa = PBXFileReference; fileEncoding = 4; lastKnownFileType = sourcecode.c.h; path = socket_address.h; sourceTree = "<group>"; };
		1B772BED29A5A832000C2D51 /* stun.cc */ = {isa = PBXFileReference; fileEncoding = 4; lastKnownFileType = sourcecode.cpp.cpp; path = stun.cc; sourceTree = "<group>"; };
		1B772BEE29A5A832000C2D51 /* stun.h */ = {isa = PBXFileReference; fileEncoding = 4; lastKnownFileType = sourcecode.c.h; path = stun.h; sourceTree = "<group>"; };
		1B772BF629A5AD1B000C2D51 /* md32_common.h */ = {isa = PBXFileReference; fileEncoding = 4; lastKnownFileType = sourcecode.c.h; path = md32_common.h; sourceTree = "<group>"; };
		1B772BF729A5AD1B000C2D51 /* md5.h */ = {isa = PBXFileReference; fileEncoding = 4; lastKnownFileType = sourcecode.c.h; path = md5.h; sourceTree = "<group>"; };
		1B772BF829A5AD1B000C2D51 /* md5_one.c */ = {isa = PBXFileReference; fileEncoding = 4; lastKnownFileType = sourcecode.c.c; path = md5_one.c; sourceTree = "<group>"; };
		1B772BF929A5AD1B000C2D51 /* md5_dgst.c */ = {isa = PBXFileReference; fileEncoding = 4; lastKnownFileType = sourcecode.c.c; path = md5_dgst.c; sourceTree = "<group>"; };
		1B772BFA29A5AD1B000C2D51 /* md5_local.h */ = {isa = PBXFileReference; fileEncoding = 4; lastKnownFileType = sourcecode.c.h; path = md5_local.h; sourceTree = "<group>"; };
		1B772BFD29A5AD1B000C2D51 /* sha.h */ = {isa = PBXFileReference; fileEncoding = 4; lastKnownFileType = sourcecode.c.h; path = sha.h; sourceTree = "<group>"; };
		1B772BFE29A5AD1B000C2D51 /* sha1.c */ = {isa = PBXFileReference; fileEncoding = 4; lastKnownFileType = sourcecode.c.c; path = sha1.c; sourceTree = "<group>"; };
		1B772C0529A5B525000C2D51 /* hmac_sha1.c */ = {isa = PBXFileReference; lastKnownFileType = sourcecode.c.c; path = hmac_sha1.c; sourceTree = "<group>"; };
		1B772C0629A5B525000C2D51 /* hmac.h */ = {isa = PBXFileReference; lastKnownFileType = sourcecode.c.h; path = hmac.h; sourceTree = "<group>"; };
		1BD189F829A4A58D0017C00A /* string_utils.h */ = {isa = PBXFileReference; fileEncoding = 4; lastKnownFileType = sourcecode.c.h; path = string_utils.h; sourceTree = "<group>"; };
		1BD189FB29A4A58D0017C00A /* string_builder.h */ = {isa = PBXFileReference; fileEncoding = 4; lastKnownFileType = sourcecode.c.h; path = string_builder.h; sourceTree = "<group>"; };
		1BD189FC29A4A58D0017C00A /* string_utils.cc */ = {isa = PBXFileReference; fileEncoding = 4; lastKnownFileType = sourcecode.cpp.cpp; path = string_utils.cc; sourceTree = "<group>"; };
		1BD189FF29A4A58D0017C00A /* string_builder.cc */ = {isa = PBXFileReference; fileEncoding = 4; lastKnownFileType = sourcecode.cpp.cpp; path = string_builder.cc; sourceTree = "<group>"; };
		1BD18A0829A4A6BC0017C00A /* string_to_number.h */ = {isa = PBXFileReference; fileEncoding = 4; lastKnownFileType = sourcecode.c.h; path = string_to_number.h; sourceTree = "<group>"; };
		1BD18A0929A4A6BC0017C00A /* string_to_number.cc */ = {isa = PBXFileReference; fileEncoding = 4; lastKnownFileType = sourcecode.cpp.cpp; path = string_to_number.cc; sourceTree = "<group>"; };
		1BD18A0A29A4A6BC0017C00A /* string_encode.h */ = {isa = PBXFileReference; fileEncoding = 4; lastKnownFileType = sourcecode.c.h; path = string_encode.h; sourceTree = "<group>"; };
		1BD18A0B29A4A6BC0017C00A /* string_encode.cc */ = {isa = PBXFileReference; fileEncoding = 4; lastKnownFileType = sourcecode.cpp.cpp; path = string_encode.cc; sourceTree = "<group>"; };
		1BD18A0E29A4ABA90017C00A /* safe_minmax.h */ = {isa = PBXFileReference; fileEncoding = 4; lastKnownFileType = sourcecode.c.h; path = safe_minmax.h; sourceTree = "<group>"; };
		1BD18A1329A4B89E0017C00A /* ip_address.cc */ = {isa = PBXFileReference; fileEncoding = 4; lastKnownFileType = sourcecode.cpp.cpp; path = ip_address.cc; sourceTree = "<group>"; };
		1BD18A1429A4B89E0017C00A /* ip_address.h */ = {isa = PBXFileReference; fileEncoding = 4; lastKnownFileType = sourcecode.c.h; path = ip_address.h; sourceTree = "<group>"; };
		1BD6D06029A46B0300CA6F6E /* checks.h */ = {isa = PBXFileReference; fileEncoding = 4; lastKnownFileType = sourcecode.c.h; path = checks.h; sourceTree = "<group>"; };
		1BD6D06129A46B0300CA6F6E /* checks.cc */ = {isa = PBXFileReference; fileEncoding = 4; lastKnownFileType = sourcecode.cpp.cpp; path = checks.cc; sourceTree = "<group>"; };
		1BD6D06329A46BE000CA6F6E /* safe_compare.h */ = {isa = PBXFileReference; fileEncoding = 4; lastKnownFileType = sourcecode.c.h; path = safe_compare.h; sourceTree = "<group>"; };
/* End PBXFileReference section */

/* Begin PBXFrameworksBuildPhase section */
		1B6F5E8C299F6667005E8BC5 /* Frameworks */ = {
			isa = PBXFrameworksBuildPhase;
			buildActionMask = 2147483647;
			files = (
			);
			runOnlyForDeploymentPostprocessing = 0;
		};
/* End PBXFrameworksBuildPhase section */

/* Begin PBXGroup section */
		1B35372E29A759D500B3C3FC /* resampler */ = {
			isa = PBXGroup;
			children = (
				1B35374429A75F3000B3C3FC /* audio_util.cc */,
				1B35374329A75F3000B3C3FC /* audio_util.h */,
				1B35374029A75BA000B3C3FC /* aligned_malloc.cc */,
				1B35374129A75BA000B3C3FC /* aligned_malloc.h */,
				1B35373329A759D500B3C3FC /* include */,
				1B35373629A759D500B3C3FC /* push_resampler.cc */,
				1B35373029A759D500B3C3FC /* push_sinc_resampler.cc */,
				1B35373529A759D500B3C3FC /* push_sinc_resampler.h */,
				1B35372F29A759D500B3C3FC /* sinc_resampler_neon.cc */,
				1B35373229A759D500B3C3FC /* sinc_resampler_sse.cc */,
				1B35373829A759D500B3C3FC /* sinc_resampler.cc */,
				1B35373129A759D500B3C3FC /* sinc_resampler.h */,
			);
			path = resampler;
			sourceTree = "<group>";
		};
		1B35373329A759D500B3C3FC /* include */ = {
			isa = PBXGroup;
			children = (
				1B35373429A759D500B3C3FC /* push_resampler.h */,
			);
			path = include;
			sourceTree = "<group>";
		};
		1B6F5E86299F6667005E8BC5 = {
			isa = PBXGroup;
			children = (
				1B6F5E91299F6667005E8BC5 /* testBuffer */,
				1B6F5E90299F6667005E8BC5 /* Products */,
				1B6F5EAC299F69FF005E8BC5 /* Frameworks */,
			);
			sourceTree = "<group>";
		};
		1B6F5E90299F6667005E8BC5 /* Products */ = {
			isa = PBXGroup;
			children = (
				1B6F5E8F299F6667005E8BC5 /* testBuffer */,
			);
			name = Products;
			sourceTree = "<group>";
		};
		1B6F5E91299F6667005E8BC5 /* testBuffer */ = {
			isa = PBXGroup;
			children = (
				1B35372E29A759D500B3C3FC /* resampler */,
				1BD18A1229A4B89E0017C00A /* socket */,
				1BD189F729A4A58D0017C00A /* strings */,
				1BD6D05F29A46B0300CA6F6E /* checks */,
				1B6F5E99299F66A6005E8BC5 /* buffer */,
				1B6F5E92299F6667005E8BC5 /* main.mm */,
				1B772BE729A5A257000C2D51 /* testStun.h */,
				1B772BE829A5A257000C2D51 /* testStun.cc */,
			);
			path = testBuffer;
			sourceTree = "<group>";
		};
		1B6F5E99299F66A6005E8BC5 /* buffer */ = {
			isa = PBXGroup;
			children = (
				1B6F5EAE299F7228005E8BC5 /* bit_buffer.cc */,
				1B6F5EAF299F7228005E8BC5 /* bit_buffer.h */,
				1B6F5EA4299F66A6005E8BC5 /* arch.h */,
				1B6F5EA2299F66A6005E8BC5 /* array_view.h */,
				1B6F5E9D299F66A6005E8BC5 /* buffer.h */,
				1B6F5EA5299F66A6005E8BC5 /* byte_buffer.cc */,
				1B6F5EA0299F66A6005E8BC5 /* byte_buffer.h */,
				1B6F5E9E299F66A6005E8BC5 /* byte_order.h */,
				1B6F5E9B299F66A6005E8BC5 /* string_view.cc */,
				1B6F5EA3299F66A6005E8BC5 /* string_view.h */,
				1B6F5EA1299F66A6005E8BC5 /* type_traits.h */,
				1B6F5E9F299F66A6005E8BC5 /* zero_memory.cc */,
				1B6F5E9C299F66A6005E8BC5 /* zero_memory.h */,
			);
			path = buffer;
			sourceTree = "<group>";
		};
		1B6F5EAC299F69FF005E8BC5 /* Frameworks */ = {
			isa = PBXGroup;
			children = (
				1B6F5EAD299F69FF005E8BC5 /* libstdc++.6.0.9.tbd */,
			);
			name = Frameworks;
			sourceTree = "<group>";
		};
		1B772BF029A5AD1B000C2D51 /* HMAC */ = {
			isa = PBXGroup;
			children = (
				1B772C0429A5B525000C2D51 /* hmac */,
				1B772BF429A5AD1B000C2D51 /* MD5 */,
				1B772BFC29A5AD1B000C2D51 /* sha */,
			);
			path = HMAC;
			sourceTree = "<group>";
		};
		1B772BF429A5AD1B000C2D51 /* MD5 */ = {
			isa = PBXGroup;
			children = (
				1B772BF529A5AD1B000C2D51 /* include */,
				1B772BF829A5AD1B000C2D51 /* md5_one.c */,
				1B772BF929A5AD1B000C2D51 /* md5_dgst.c */,
				1B772BFA29A5AD1B000C2D51 /* md5_local.h */,
			);
			path = MD5;
			sourceTree = "<group>";
		};
		1B772BF529A5AD1B000C2D51 /* include */ = {
			isa = PBXGroup;
			children = (
				1B772BF629A5AD1B000C2D51 /* md32_common.h */,
				1B772BF729A5AD1B000C2D51 /* md5.h */,
			);
			path = include;
			sourceTree = "<group>";
		};
		1B772BFC29A5AD1B000C2D51 /* sha */ = {
			isa = PBXGroup;
			children = (
				1B772BFD29A5AD1B000C2D51 /* sha.h */,
				1B772BFE29A5AD1B000C2D51 /* sha1.c */,
			);
			path = sha;
			sourceTree = "<group>";
		};
		1B772C0429A5B525000C2D51 /* hmac */ = {
			isa = PBXGroup;
			children = (
				1B772C0529A5B525000C2D51 /* hmac_sha1.c */,
				1B772C0629A5B525000C2D51 /* hmac.h */,
			);
			path = hmac;
			sourceTree = "<group>";
		};
		1BD189F729A4A58D0017C00A /* strings */ = {
			isa = PBXGroup;
			children = (
				1BD18A0E29A4ABA90017C00A /* safe_minmax.h */,
				1BD18A0B29A4A6BC0017C00A /* string_encode.cc */,
				1BD18A0A29A4A6BC0017C00A /* string_encode.h */,
				1BD18A0929A4A6BC0017C00A /* string_to_number.cc */,
				1BD18A0829A4A6BC0017C00A /* string_to_number.h */,
				1BD189FF29A4A58D0017C00A /* string_builder.cc */,
				1BD189FB29A4A58D0017C00A /* string_builder.h */,
				1BD189FC29A4A58D0017C00A /* string_utils.cc */,
				1BD189F829A4A58D0017C00A /* string_utils.h */,
			);
			path = strings;
			sourceTree = "<group>";
		};
		1BD18A1229A4B89E0017C00A /* socket */ = {
			isa = PBXGroup;
			children = (
				1B772BF029A5AD1B000C2D51 /* HMAC */,
				1B772BED29A5A832000C2D51 /* stun.cc */,
				1B772BEE29A5A832000C2D51 /* stun.h */,
				1B772BEA29A5A44A000C2D51 /* socket_address.cc */,
				1B772BEB29A5A44A000C2D51 /* socket_address.h */,
				1BD18A1329A4B89E0017C00A /* ip_address.cc */,
				1BD18A1429A4B89E0017C00A /* ip_address.h */,
			);
			path = socket;
			sourceTree = "<group>";
		};
		1BD6D05F29A46B0300CA6F6E /* checks */ = {
			isa = PBXGroup;
			children = (
				1BD6D06329A46BE000CA6F6E /* safe_compare.h */,
				1BD6D06029A46B0300CA6F6E /* checks.h */,
				1BD6D06129A46B0300CA6F6E /* checks.cc */,
			);
			path = checks;
			sourceTree = "<group>";
		};
/* End PBXGroup section */

/* Begin PBXNativeTarget section */
		1B6F5E8E299F6667005E8BC5 /* testBuffer */ = {
			isa = PBXNativeTarget;
			buildConfigurationList = 1B6F5E96299F6667005E8BC5 /* Build configuration list for PBXNativeTarget "testBuffer" */;
			buildPhases = (
				1B6F5E8B299F6667005E8BC5 /* Sources */,
				1B6F5E8C299F6667005E8BC5 /* Frameworks */,
				1B6F5E8D299F6667005E8BC5 /* CopyFiles */,
			);
			buildRules = (
			);
			dependencies = (
			);
			name = testBuffer;
			productName = testBuffer;
			productReference = 1B6F5E8F299F6667005E8BC5 /* testBuffer */;
			productType = "com.apple.product-type.tool";
		};
/* End PBXNativeTarget section */

/* Begin PBXProject section */
		1B6F5E87299F6667005E8BC5 /* Project object */ = {
			isa = PBXProject;
			attributes = {
				BuildIndependentTargetsInParallel = 1;
				LastUpgradeCheck = 1400;
				TargetAttributes = {
					1B6F5E8E299F6667005E8BC5 = {
						CreatedOnToolsVersion = 14.0;
					};
				};
			};
			buildConfigurationList = 1B6F5E8A299F6667005E8BC5 /* Build configuration list for PBXProject "testBuffer" */;
			compatibilityVersion = "Xcode 14.0";
			developmentRegion = en;
			hasScannedForEncodings = 0;
			knownRegions = (
				en,
				Base,
			);
			mainGroup = 1B6F5E86299F6667005E8BC5;
			productRefGroup = 1B6F5E90299F6667005E8BC5 /* Products */;
			projectDirPath = "";
			projectRoot = "";
			targets = (
				1B6F5E8E299F6667005E8BC5 /* testBuffer */,
			);
		};
/* End PBXProject section */

/* Begin PBXSourcesBuildPhase section */
		1B6F5E8B299F6667005E8BC5 /* Sources */ = {
			isa = PBXSourcesBuildPhase;
			buildActionMask = 2147483647;
			files = (
				1B35373B29A759D500B3C3FC /* push_sinc_resampler.cc in Sources */,
				1B35374229A75BA000B3C3FC /* aligned_malloc.cc in Sources */,
				1B35373A29A759D500B3C3FC /* sinc_resampler_neon.cc in Sources */,
				1B772C0729A5B56C000C2D51 /* hmac_sha1.c in Sources */,
				1BD6D06229A46B0300CA6F6E /* checks.cc in Sources */,
				1B35373C29A759D500B3C3FC /* sinc_resampler_sse.cc in Sources */,
				1B772C0029A5AD1B000C2D51 /* md5_one.c in Sources */,
				1BD18A1529A4B89E0017C00A /* ip_address.cc in Sources */,
				1B6F5E93299F6667005E8BC5 /* main.mm in Sources */,
				1BD18A0D29A4A6BC0017C00A /* string_encode.cc in Sources */,
				1B6F5EA6299F66A6005E8BC5 /* string_view.cc in Sources */,
				1B6F5EA7299F66A6005E8BC5 /* zero_memory.cc in Sources */,
				1B35373E29A759D500B3C3FC /* sinc_resampler.cc in Sources */,
				1B6F5EB0299F7228005E8BC5 /* bit_buffer.cc in Sources */,
				1B772BEF29A5A832000C2D51 /* stun.cc in Sources */,
				1B772C0129A5AD1B000C2D51 /* md5_dgst.c in Sources */,
				1B772C0329A5AD1B000C2D51 /* sha1.c in Sources */,
				1BD18A0C29A4A6BC0017C00A /* string_to_number.cc in Sources */,
				1BD18A0429A4A58D0017C00A /* string_utils.cc in Sources */,
				1B772BE929A5A257000C2D51 /* testStun.cc in Sources */,
				1B6F5EA8299F66A7005E8BC5 /* byte_buffer.cc in Sources */,
				1B35374529A75F3000B3C3FC /* audio_util.cc in Sources */,
				1B35373D29A759D500B3C3FC /* push_resampler.cc in Sources */,
				1B772BEC29A5A44A000C2D51 /* socket_address.cc in Sources */,
				1BD18A0529A4A58D0017C00A /* string_builder.cc in Sources */,
			);
			runOnlyForDeploymentPostprocessing = 0;
		};
/* End PBXSourcesBuildPhase section */

/* Begin XCBuildConfiguration section */
		1B6F5E94299F6667005E8BC5 /* Debug */ = {
			isa = XCBuildConfiguration;
			buildSettings = {
				ALWAYS_SEARCH_USER_PATHS = NO;
				CLANG_ANALYZER_NONNULL = YES;
				CLANG_ANALYZER_NUMBER_OBJECT_CONVERSION = YES_AGGRESSIVE;
				CLANG_CXX_LANGUAGE_STANDARD = "gnu++20";
				CLANG_ENABLE_MODULES = YES;
				CLANG_ENABLE_OBJC_ARC = YES;
				CLANG_ENABLE_OBJC_WEAK = YES;
				CLANG_WARN_BLOCK_CAPTURE_AUTORELEASING = YES;
				CLANG_WARN_BOOL_CONVERSION = YES;
				CLANG_WARN_COMMA = YES;
				CLANG_WARN_CONSTANT_CONVERSION = YES;
				CLANG_WARN_DEPRECATED_OBJC_IMPLEMENTATIONS = YES;
				CLANG_WARN_DIRECT_OBJC_ISA_USAGE = YES_ERROR;
				CLANG_WARN_DOCUMENTATION_COMMENTS = YES;
				CLANG_WARN_EMPTY_BODY = YES;
				CLANG_WARN_ENUM_CONVERSION = YES;
				CLANG_WARN_INFINITE_RECURSION = YES;
				CLANG_WARN_INT_CONVERSION = YES;
				CLANG_WARN_NON_LITERAL_NULL_CONVERSION = YES;
				CLANG_WARN_OBJC_IMPLICIT_RETAIN_SELF = YES;
				CLANG_WARN_OBJC_LITERAL_CONVERSION = YES;
				CLANG_WARN_OBJC_ROOT_CLASS = YES_ERROR;
				CLANG_WARN_QUOTED_INCLUDE_IN_FRAMEWORK_HEADER = YES;
				CLANG_WARN_RANGE_LOOP_ANALYSIS = YES;
				CLANG_WARN_STRICT_PROTOTYPES = YES;
				CLANG_WARN_SUSPICIOUS_MOVE = YES;
				CLANG_WARN_UNGUARDED_AVAILABILITY = YES_AGGRESSIVE;
				CLANG_WARN_UNREACHABLE_CODE = YES;
				CLANG_WARN__DUPLICATE_METHOD_MATCH = YES;
				COPY_PHASE_STRIP = NO;
				DEBUG_INFORMATION_FORMAT = dwarf;
				ENABLE_STRICT_OBJC_MSGSEND = YES;
				ENABLE_TESTABILITY = YES;
				GCC_C_LANGUAGE_STANDARD = gnu11;
				GCC_DYNAMIC_NO_PIC = NO;
				GCC_NO_COMMON_BLOCKS = YES;
				GCC_OPTIMIZATION_LEVEL = 0;
				GCC_PREPROCESSOR_DEFINITIONS = (
					"DEBUG=1",
					"$(inherited)",
				);
				GCC_WARN_64_TO_32_BIT_CONVERSION = YES;
				GCC_WARN_ABOUT_RETURN_TYPE = YES_ERROR;
				GCC_WARN_UNDECLARED_SELECTOR = YES;
				GCC_WARN_UNINITIALIZED_AUTOS = YES_AGGRESSIVE;
				GCC_WARN_UNUSED_FUNCTION = YES;
				GCC_WARN_UNUSED_VARIABLE = YES;
				MACOSX_DEPLOYMENT_TARGET = 12.3;
				MTL_ENABLE_DEBUG_INFO = INCLUDE_SOURCE;
				MTL_FAST_MATH = YES;
				ONLY_ACTIVE_ARCH = YES;
				SDKROOT = macosx;
			};
			name = Debug;
		};
		1B6F5E95299F6667005E8BC5 /* Release */ = {
			isa = XCBuildConfiguration;
			buildSettings = {
				ALWAYS_SEARCH_USER_PATHS = NO;
				CLANG_ANALYZER_NONNULL = YES;
				CLANG_ANALYZER_NUMBER_OBJECT_CONVERSION = YES_AGGRESSIVE;
				CLANG_CXX_LANGUAGE_STANDARD = "gnu++20";
				CLANG_ENABLE_MODULES = YES;
				CLANG_ENABLE_OBJC_ARC = YES;
				CLANG_ENABLE_OBJC_WEAK = YES;
				CLANG_WARN_BLOCK_CAPTURE_AUTORELEASING = YES;
				CLANG_WARN_BOOL_CONVERSION = YES;
				CLANG_WARN_COMMA = YES;
				CLANG_WARN_CONSTANT_CONVERSION = YES;
				CLANG_WARN_DEPRECATED_OBJC_IMPLEMENTATIONS = YES;
				CLANG_WARN_DIRECT_OBJC_ISA_USAGE = YES_ERROR;
				CLANG_WARN_DOCUMENTATION_COMMENTS = YES;
				CLANG_WARN_EMPTY_BODY = YES;
				CLANG_WARN_ENUM_CONVERSION = YES;
				CLANG_WARN_INFINITE_RECURSION = YES;
				CLANG_WARN_INT_CONVERSION = YES;
				CLANG_WARN_NON_LITERAL_NULL_CONVERSION = YES;
				CLANG_WARN_OBJC_IMPLICIT_RETAIN_SELF = YES;
				CLANG_WARN_OBJC_LITERAL_CONVERSION = YES;
				CLANG_WARN_OBJC_ROOT_CLASS = YES_ERROR;
				CLANG_WARN_QUOTED_INCLUDE_IN_FRAMEWORK_HEADER = YES;
				CLANG_WARN_RANGE_LOOP_ANALYSIS = YES;
				CLANG_WARN_STRICT_PROTOTYPES = YES;
				CLANG_WARN_SUSPICIOUS_MOVE = YES;
				CLANG_WARN_UNGUARDED_AVAILABILITY = YES_AGGRESSIVE;
				CLANG_WARN_UNREACHABLE_CODE = YES;
				CLANG_WARN__DUPLICATE_METHOD_MATCH = YES;
				COPY_PHASE_STRIP = NO;
				DEBUG_INFORMATION_FORMAT = "dwarf-with-dsym";
				ENABLE_NS_ASSERTIONS = NO;
				ENABLE_STRICT_OBJC_MSGSEND = YES;
				GCC_C_LANGUAGE_STANDARD = gnu11;
				GCC_NO_COMMON_BLOCKS = YES;
				GCC_WARN_64_TO_32_BIT_CONVERSION = YES;
				GCC_WARN_ABOUT_RETURN_TYPE = YES_ERROR;
				GCC_WARN_UNDECLARED_SELECTOR = YES;
				GCC_WARN_UNINITIALIZED_AUTOS = YES_AGGRESSIVE;
				GCC_WARN_UNUSED_FUNCTION = YES;
				GCC_WARN_UNUSED_VARIABLE = YES;
				MACOSX_DEPLOYMENT_TARGET = 12.3;
				MTL_ENABLE_DEBUG_INFO = NO;
				MTL_FAST_MATH = YES;
				SDKROOT = macosx;
			};
			name = Release;
		};
		1B6F5E97299F6667005E8BC5 /* Debug */ = {
			isa = XCBuildConfiguration;
			buildSettings = {
				CLANG_CXX_LANGUAGE_STANDARD = "c++14";
				CODE_SIGN_STYLE = Manual;
				DEVELOPMENT_TEAM = "";
				ENABLE_HARDENED_RUNTIME = YES;
				GCC_PREPROCESSOR_DEFINITIONS = (
					WEBRTC_POSIX,
					"DEBUG=1",
					"$(inherited)",
				);
				MACOSX_DEPLOYMENT_TARGET = 10.9;
				PRODUCT_NAME = "$(TARGET_NAME)";
				PROVISIONING_PROFILE_SPECIFIER = "";
			};
			name = Debug;
		};
		1B6F5E98299F6667005E8BC5 /* Release */ = {
			isa = XCBuildConfiguration;
			buildSettings = {
				CLANG_CXX_LANGUAGE_STANDARD = "c++14";
				CODE_SIGN_STYLE = Manual;
				DEVELOPMENT_TEAM = "";
				ENABLE_HARDENED_RUNTIME = YES;
				GCC_PREPROCESSOR_DEFINITIONS = WEBRTC_POSIX;
				MACOSX_DEPLOYMENT_TARGET = 10.9;
				PRODUCT_NAME = "$(TARGET_NAME)";
				PROVISIONING_PROFILE_SPECIFIER = "";
			};
			name = Release;
		};
/* End XCBuildConfiguration section */

/* Begin XCConfigurationList section */
		1B6F5E8A299F6667005E8BC5 /* Build configuration list for PBXProject "testBuffer" */ = {
			isa = XCConfigurationList;
			buildConfigurations = (
				1B6F5E94299F6667005E8BC5 /* Debug */,
				1B6F5E95299F6667005E8BC5 /* Release */,
			);
			defaultConfigurationIsVisible = 0;
			defaultConfigurationName = Release;
		};
		1B6F5E96299F6667005E8BC5 /* Build configuration list for PBXNativeTarget "testBuffer" */ = {
			isa = XCConfigurationList;
			buildConfigurations = (
				1B6F5E97299F6667005E8BC5 /* Debug */,
				1B6F5E98299F6667005E8BC5 /* Release */,
			);
			defaultConfigurationIsVisible = 0;
			defaultConfigurationName = Release;
		};
/* End XCConfigurationList section */
	};
	rootObject = 1B6F5E87299F6667005E8BC5 /* Project object */;
}
